
Microsoft Visual Studio Solution File, Format Version 12.00
# Visual Studio Version 17
VisualStudioVersion = 17.0.31903.59
MinimumVisualStudioVersion = 10.0.40219.1
Project("{9A19103F-16F7-4668-BE54-9A1E7A4F7556}") = "Chapter3", "Chapter3\Chapter3.csproj", "{B1177697-4771-4B10-BB27-8F7BB65B7A7B}"
EndProject
Project("{FAE04EC0-301F-11D3-BF4B-00C04F79EFBC}") = "Chapter4", "Chapter4\Chapter4.csproj", "{7A30061B-7EBF-44BE-A428-DAF39D653CCA}"
EndProject
Global
	GlobalSection(SolutionConfigurationPlatforms) = preSolution
		Debug|Any CPU = Debug|Any CPU
		Release|Any CPU = Release|Any CPU
	EndGlobalSection
	GlobalSection(ProjectConfigurationPlatforms) = postSolution
		{B1177697-4771-4B10-BB27-8F7BB65B7A7B}.Debug|Any CPU.ActiveCfg = Debug|Any CPU
		{B1177697-4771-4B10-BB27-8F7BB65B7A7B}.Debug|Any CPU.Build.0 = Debug|Any CPU
		{B1177697-4771-4B10-BB27-8F7BB65B7A7B}.Release|Any CPU.ActiveCfg = Release|Any CPU
		{B1177697-4771-4B10-BB27-8F7BB65B7A7B}.Release|Any CPU.Build.0 = Release|Any CPU
		{7A30061B-7EBF-44BE-A428-DAF39D653CCA}.Debug|Any CPU.ActiveCfg = Debug|Any CPU
		{7A30061B-7EBF-44BE-A428-DAF39D653CCA}.Debug|Any CPU.Build.0 = Debug|Any CPU
		{7A30061B-7EBF-44BE-A428-DAF39D653CCA}.Release|Any CPU.ActiveCfg = Release|Any CPU
		{7A30061B-7EBF-44BE-A428-DAF39D653CCA}.Release|Any CPU.Build.0 = Release|Any CPU
	EndGlobalSection
	GlobalSection(SolutionProperties) = preSolution
		HideSolutionNode = FALSE
	EndGlobalSection
	GlobalSection(ExtensibilityGlobals) = postSolution
		SolutionGuid = {7751AF6C-2970-4793-A340-09A48D563FCA}
	EndGlobalSection
EndGlobal
